{
    "_readme": [
        "This file locks the dependencies of your project to a known state",
        "Read more about it at https://getcomposer.org/doc/01-basic-usage.md#installing-dependencies",
        "This file is @generated automatically"
    ],
    "content-hash": "179f21b62fe7881f55afdebf33a215af",
    "packages": [
        {
            "name": "gregoriohc/laravel-nova-theme-responsive",
            "version": "v0.8.1",
            "source": {
                "type": "git",
                "url": "https://github.com/gregoriohc/laravel-nova-theme-responsive.git",
                "reference": "a37f8162872ea7483d2dec7091d29e49376df273"
            },
            "dist": {
                "type": "zip",
                "url": "https://api.github.com/repos/gregoriohc/laravel-nova-theme-responsive/zipball/a37f8162872ea7483d2dec7091d29e49376df273",
                "reference": "a37f8162872ea7483d2dec7091d29e49376df273",
                "shasum": ""
            },
            "require": {
                "php": ">=7.1.0"
            },
            "type": "library",
            "extra": {
                "laravel": {
                    "providers": [
                        "Gregoriohc\\LaravelNovaThemeResponsive\\ThemeServiceProvider"
                    ]
                }
            },
            "autoload": {
                "psr-4": {
                    "Gregoriohc\\LaravelNovaThemeResponsive\\": "src/"
                }
            },
            "notification-url": "https://packagist.org/downloads/",
            "license": [
                "MIT"
            ],
            "authors": [
                {
                    "name": "Gregorio Hernández Caso",
                    "email": "gregoriohc@gmail.com",
                    "homepage": "https://github.com/gregoriohc",
                    "role": "Developer"
                }
            ],
            "description": "A Laravel Nova responsive theme.",
            "homepage": "https://github.com/gregoriohc/laravel-nova-theme-responsive",
            "keywords": [
                "laravel",
                "nova"
            ],
            "support": {
                "issues": "https://github.com/gregoriohc/laravel-nova-theme-responsive/issues",
                "source": "https://github.com/gregoriohc/laravel-nova-theme-responsive/tree/master"
            },
            "abandoned": true,
            "time": "2020-03-08T16:15:03+00:00"
        }
    ],
    "packages-dev": [],
    "aliases": [],
    "minimum-stability": "stable",
    "stability-flags": [],
    "prefer-stable": false,
    "prefer-lowest": false,
    "platform": [],
    "platform-dev": [],
    "plugin-api-version": "2.6.0"
}
